// !$*UTF8*$!
{
	archiveVersion = 1;
	classes = {
	};
	objectVersion = 56;
	objects = {

/* Begin PBXBuildFile section */
		0E60FD802C50D0A10020F457 /* rust_lib_framework.xcframework in Frameworks */ = {isa = PBXBuildFile; fileRef = 0E60FD7F2C50D0A10020F457 /* rust_lib_framework.xcframework */; };
		0EF3FEA62C4BEC8C00FD5752 /* UniffiTestApp.swift in Sources */ = {isa = PBXBuildFile; fileRef = 0EF3FEA52C4BEC8C00FD5752 /* UniffiTestApp.swift */; };
		0EF3FEA82C4BEC8C00FD5752 /* ContentView.swift in Sources */ = {isa = PBXBuildFile; fileRef = 0EF3FEA72C4BEC8C00FD5752 /* ContentView.swift */; };
		0EF3FEAA2C4BEC8D00FD5752 /* Assets.xcassets in Resources */ = {isa = PBXBuildFile; fileRef = 0EF3FEA92C4BEC8D00FD5752 /* Assets.xcassets */; };
		0EF3FEAD2C4BEC8D00FD5752 /* Preview Assets.xcassets in Resources */ = {isa = PBXBuildFile; fileRef = 0EF3FEAC2C4BEC8D00FD5752 /* Preview Assets.xcassets */; };
		0EF3FEB72C4BEC8E00FD5752 /* UniffiTestTests.swift in Sources */ = {isa = PBXBuildFile; fileRef = 0EF3FEB62C4BEC8E00FD5752 /* UniffiTestTests.swift */; };
		0EF3FEC12C4BEC8E00FD5752 /* UniffiTestUITests.swift in Sources */ = {isa = PBXBuildFile; fileRef = 0EF3FEC02C4BEC8E00FD5752 /* UniffiTestUITests.swift */; };
		0EF3FEC32C4BEC8E00FD5752 /* UniffiTestUITestsLaunchTests.swift in Sources */ = {isa = PBXBuildFile; fileRef = 0EF3FEC22C4BEC8E00FD5752 /* UniffiTestUITestsLaunchTests.swift */; };
		0EF3FEFC2C4BFABF00FD5752 /* rust_lib.swift in Sources */ = {isa = PBXBuildFile; fileRef = 0EF3FEFB2C4BFABF00FD5752 /* rust_lib.swift */; };
/* End PBXBuildFile section */

/* Begin PBXContainerItemProxy section */
		0EF3FEB32C4BEC8E00FD5752 /* PBXContainerItemProxy */ = {
			isa = PBXContainerItemProxy;
			containerPortal = 0EF3FE9A2C4BEC8C00FD5752 /* Project object */;
			proxyType = 1;
			remoteGlobalIDString = 0EF3FEA12C4BEC8C00FD5752;
			remoteInfo = UniffiTest;
		};
		0EF3FEBD2C4BEC8E00FD5752 /* PBXContainerItemProxy */ = {
			isa = PBXContainerItemProxy;
			containerPortal = 0EF3FE9A2C4BEC8C00FD5752 /* Project object */;
			proxyType = 1;
			remoteGlobalIDString = 0EF3FEA12C4BEC8C00FD5752;
			remoteInfo = UniffiTest;
		};
/* End PBXContainerItemProxy section */

/* Begin PBXFileReference section */
		0E60FD7F2C50D0A10020F457 /* rust_lib_framework.xcframework */ = {isa = PBXFileReference; lastKnownFileType = wrapper.xcframework; name = rust_lib_framework.xcframework; path = ../../../../rust_lib/out/rust_lib_framework.xcframework; sourceTree = "<group>"; };
		0EF3FEA22C4BEC8C00FD5752 /* UniffiTest.app */ = {isa = PBXFileReference; explicitFileType = wrapper.application; includeInIndex = 0; path = UniffiTest.app; sourceTree = BUILT_PRODUCTS_DIR; };
		0EF3FEA52C4BEC8C00FD5752 /* UniffiTestApp.swift */ = {isa = PBXFileReference; lastKnownFileType = sourcecode.swift; path = UniffiTestApp.swift; sourceTree = "<group>"; };
		0EF3FEA72C4BEC8C00FD5752 /* ContentView.swift */ = {isa = PBXFileReference; lastKnownFileType = sourcecode.swift; path = ContentView.swift; sourceTree = "<group>"; };
		0EF3FEA92C4BEC8D00FD5752 /* Assets.xcassets */ = {isa = PBXFileReference; lastKnownFileType = folder.assetcatalog; path = Assets.xcassets; sourceTree = "<group>"; };
		0EF3FEAC2C4BEC8D00FD5752 /* Preview Assets.xcassets */ = {isa = PBXFileReference; lastKnownFileType = folder.assetcatalog; path = "Preview Assets.xcassets"; sourceTree = "<group>"; };
		0EF3FEB22C4BEC8E00FD5752 /* UniffiTestTests.xctest */ = {isa = PBXFileReference; explicitFileType = wrapper.cfbundle; includeInIndex = 0; path = UniffiTestTests.xctest; sourceTree = BUILT_PRODUCTS_DIR; };
		0EF3FEB62C4BEC8E00FD5752 /* UniffiTestTests.swift */ = {isa = PBXFileReference; lastKnownFileType = sourcecode.swift; path = UniffiTestTests.swift; sourceTree = "<group>"; };
		0EF3FEBC2C4BEC8E00FD5752 /* UniffiTestUITests.xctest */ = {isa = PBXFileReference; explicitFileType = wrapper.cfbundle; includeInIndex = 0; path = UniffiTestUITests.xctest; sourceTree = BUILT_PRODUCTS_DIR; };
		0EF3FEC02C4BEC8E00FD5752 /* UniffiTestUITests.swift */ = {isa = PBXFileReference; lastKnownFileType = sourcecode.swift; path = UniffiTestUITests.swift; sourceTree = "<group>"; };
		0EF3FEC22C4BEC8E00FD5752 /* UniffiTestUITestsLaunchTests.swift */ = {isa = PBXFileReference; lastKnownFileType = sourcecode.swift; path = UniffiTestUITestsLaunchTests.swift; sourceTree = "<group>"; };
		0EF3FEFB2C4BFABF00FD5752 /* rust_lib.swift */ = {isa = PBXFileReference; fileEncoding = 4; lastKnownFileType = sourcecode.swift; name = rust_lib.swift; path = "../../../../rust_lib/out/rust_lib_framework.xcframework/ios-arm64-simulator/Headers/rust_lib.swift"; sourceTree = "<group>"; };
/* End PBXFileReference section */

/* Begin PBXFrameworksBuildPhase section */
		0EF3FE9F2C4BEC8C00FD5752 /* Frameworks */ = {
			isa = PBXFrameworksBuildPhase;
			buildActionMask = 2147483647;
			files = (
				0E60FD802C50D0A10020F457 /* rust_lib_framework.xcframework in Frameworks */,
			);
			runOnlyForDeploymentPostprocessing = 0;
		};
		0EF3FEAF2C4BEC8E00FD5752 /* Frameworks */ = {
			isa = PBXFrameworksBuildPhase;
			buildActionMask = 2147483647;
			files = (
			);
			runOnlyForDeploymentPostprocessing = 0;
		};
		0EF3FEB92C4BEC8E00FD5752 /* Frameworks */ = {
			isa = PBXFrameworksBuildPhase;
			buildActionMask = 2147483647;
			files = (
			);
			runOnlyForDeploymentPostprocessing = 0;
		};
/* End PBXFrameworksBuildPhase section */

/* Begin PBXGroup section */
		0EF3FE992C4BEC8C00FD5752 = {
			isa = PBXGroup;
			children = (
				0EF3FED12C4BF1FF00FD5752 /* Framworks */,
				0EF3FEA42C4BEC8C00FD5752 /* UniffiTest */,
				0EF3FEB52C4BEC8E00FD5752 /* UniffiTestTests */,
				0EF3FEBF2C4BEC8E00FD5752 /* UniffiTestUITests */,
				0EF3FEA32C4BEC8C00FD5752 /* Products */,
			);
			sourceTree = "<group>";
		};
		0EF3FEA32C4BEC8C00FD5752 /* Products */ = {
			isa = PBXGroup;
			children = (
				0EF3FEA22C4BEC8C00FD5752 /* UniffiTest.app */,
				0EF3FEB22C4BEC8E00FD5752 /* UniffiTestTests.xctest */,
				0EF3FEBC2C4BEC8E00FD5752 /* UniffiTestUITests.xctest */,
			);
			name = Products;
			sourceTree = "<group>";
		};
		0EF3FEA42C4BEC8C00FD5752 /* UniffiTest */ = {
			isa = PBXGroup;
			children = (
				0EF3FEFB2C4BFABF00FD5752 /* rust_lib.swift */,
				0EF3FEA52C4BEC8C00FD5752 /* UniffiTestApp.swift */,
				0EF3FEA72C4BEC8C00FD5752 /* ContentView.swift */,
				0EF3FEA92C4BEC8D00FD5752 /* Assets.xcassets */,
				0EF3FEAB2C4BEC8D00FD5752 /* Preview Content */,
			);
			path = UniffiTest;
			sourceTree = "<group>";
		};
		0EF3FEAB2C4BEC8D00FD5752 /* Preview Content */ = {
			isa = PBXGroup;
			children = (
				0EF3FEAC2C4BEC8D00FD5752 /* Preview Assets.xcassets */,
			);
			path = "Preview Content";
			sourceTree = "<group>";
		};
		0EF3FEB52C4BEC8E00FD5752 /* UniffiTestTests */ = {
			isa = PBXGroup;
			children = (
				0EF3FEB62C4BEC8E00FD5752 /* UniffiTestTests.swift */,
			);
			path = UniffiTestTests;
			sourceTree = "<group>";
		};
		0EF3FEBF2C4BEC8E00FD5752 /* UniffiTestUITests */ = {
			isa = PBXGroup;
			children = (
				0EF3FEC02C4BEC8E00FD5752 /* UniffiTestUITests.swift */,
				0EF3FEC22C4BEC8E00FD5752 /* UniffiTestUITestsLaunchTests.swift */,
			);
			path = UniffiTestUITests;
			sourceTree = "<group>";
		};
		0EF3FED12C4BF1FF00FD5752 /* Framworks */ = {
			isa = PBXGroup;
			children = (
				0E60FD7F2C50D0A10020F457 /* rust_lib_framework.xcframework */,
			);
			path = Framworks;
			sourceTree = "<group>";
		};
/* End PBXGroup section */

/* Begin PBXNativeTarget section */
		0EF3FEA12C4BEC8C00FD5752 /* UniffiTest */ = {
			isa = PBXNativeTarget;
			buildConfigurationList = 0EF3FEC62C4BEC8E00FD5752 /* Build configuration list for PBXNativeTarget "UniffiTest" */;
			buildPhases = (
				0EF3FE9E2C4BEC8C00FD5752 /* Sources */,
				0EF3FE9F2C4BEC8C00FD5752 /* Frameworks */,
				0EF3FEA02C4BEC8C00FD5752 /* Resources */,
			);
			buildRules = (
			);
			dependencies = (
			);
			name = UniffiTest;
			productName = UniffiTest;
			productReference = 0EF3FEA22C4BEC8C00FD5752 /* UniffiTest.app */;
			productType = "com.apple.product-type.application";
		};
		0EF3FEB12C4BEC8E00FD5752 /* UniffiTestTests */ = {
			isa = PBXNativeTarget;
			buildConfigurationList = 0EF3FEC92C4BEC8E00FD5752 /* Build configuration list for PBXNativeTarget "UniffiTestTests" */;
			buildPhases = (
				0EF3FEAE2C4BEC8E00FD5752 /* Sources */,
				0EF3FEAF2C4BEC8E00FD5752 /* Frameworks */,
				0EF3FEB02C4BEC8E00FD5752 /* Resources */,
			);
			buildRules = (
			);
			dependencies = (
				0EF3FEB42C4BEC8E00FD5752 /* PBXTargetDependency */,
			);
			name = UniffiTestTests;
			productName = UniffiTestTests;
			productReference = 0EF3FEB22C4BEC8E00FD5752 /* UniffiTestTests.xctest */;
			productType = "com.apple.product-type.bundle.unit-test";
		};
		0EF3FEBB2C4BEC8E00FD5752 /* UniffiTestUITests */ = {
			isa = PBXNativeTarget;
			buildConfigurationList = 0EF3FECC2C4BEC8E00FD5752 /* Build configuration list for PBXNativeTarget "UniffiTestUITests" */;
			buildPhases = (
				0EF3FEB82C4BEC8E00FD5752 /* Sources */,
				0EF3FEB92C4BEC8E00FD5752 /* Frameworks */,
				0EF3FEBA2C4BEC8E00FD5752 /* Resources */,
			);
			buildRules = (
			);
			dependencies = (
				0EF3FEBE2C4BEC8E00FD5752 /* PBXTargetDependency */,
			);
			name = UniffiTestUITests;
			productName = UniffiTestUITests;
			productReference = 0EF3FEBC2C4BEC8E00FD5752 /* UniffiTestUITests.xctest */;
			productType = "com.apple.product-type.bundle.ui-testing";
		};
/* End PBXNativeTarget section */

/* Begin PBXProject section */
		0EF3FE9A2C4BEC8C00FD5752 /* Project object */ = {
			isa = PBXProject;
			attributes = {
				BuildIndependentTargetsInParallel = 1;
				LastSwiftUpdateCheck = 1520;
				LastUpgradeCheck = 1520;
				TargetAttributes = {
					0EF3FEA12C4BEC8C00FD5752 = {
						CreatedOnToolsVersion = 15.2;
					};
					0EF3FEB12C4BEC8E00FD5752 = {
						CreatedOnToolsVersion = 15.2;
						TestTargetID = 0EF3FEA12C4BEC8C00FD5752;
					};
					0EF3FEBB2C4BEC8E00FD5752 = {
						CreatedOnToolsVersion = 15.2;
						TestTargetID = 0EF3FEA12C4BEC8C00FD5752;
					};
				};
			};
			buildConfigurationList = 0EF3FE9D2C4BEC8C00FD5752 /* Build configuration list for PBXProject "UniffiTest" */;
			compatibilityVersion = "Xcode 14.0";
			developmentRegion = en;
			hasScannedForEncodings = 0;
			knownRegions = (
				en,
				Base,
			);
			mainGroup = 0EF3FE992C4BEC8C00FD5752;
			productRefGroup = 0EF3FEA32C4BEC8C00FD5752 /* Products */;
			projectDirPath = "";
			projectRoot = "";
			targets = (
				0EF3FEA12C4BEC8C00FD5752 /* UniffiTest */,
				0EF3FEB12C4BEC8E00FD5752 /* UniffiTestTests */,
				0EF3FEBB2C4BEC8E00FD5752 /* UniffiTestUITests */,
			);
		};
/* End PBXProject section */

/* Begin PBXResourcesBuildPhase section */
		0EF3FEA02C4BEC8C00FD5752 /* Resources */ = {
			isa = PBXResourcesBuildPhase;
			buildActionMask = 2147483647;
			files = (
				0EF3FEAD2C4BEC8D00FD5752 /* Preview Assets.xcassets in Resources */,
				0EF3FEAA2C4BEC8D00FD5752 /* Assets.xcassets in Resources */,
			);
			runOnlyForDeploymentPostprocessing = 0;
		};
		0EF3FEB02C4BEC8E00FD5752 /* Resources */ = {
			isa = PBXResourcesBuildPhase;
			buildActionMask = 2147483647;
			files = (
			);
			runOnlyForDeploymentPostprocessing = 0;
		};
		0EF3FEBA2C4BEC8E00FD5752 /* Resources */ = {
			isa = PBXResourcesBuildPhase;
			buildActionMask = 2147483647;
			files = (
			);
			runOnlyForDeploymentPostprocessing = 0;
		};
/* End PBXResourcesBuildPhase section */

/* Begin PBXSourcesBuildPhase section */
		0EF3FE9E2C4BEC8C00FD5752 /* Sources */ = {
			isa = PBXSourcesBuildPhase;
			buildActionMask = 2147483647;
			files = (
				0EF3FEFC2C4BFABF00FD5752 /* rust_lib.swift in Sources */,
				0EF3FEA82C4BEC8C00FD5752 /* ContentView.swift in Sources */,
				0EF3FEA62C4BEC8C00FD5752 /* UniffiTestApp.swift in Sources */,
			);
			runOnlyForDeploymentPostprocessing = 0;
		};
		0EF3FEAE2C4BEC8E00FD5752 /* Sources */ = {
			isa = PBXSourcesBuildPhase;
			buildActionMask = 2147483647;
			files = (
				0EF3FEB72C4BEC8E00FD5752 /* UniffiTestTests.swift in Sources */,
			);
			runOnlyForDeploymentPostprocessing = 0;
		};
		0EF3FEB82C4BEC8E00FD5752 /* Sources */ = {
			isa = PBXSourcesBuildPhase;
			buildActionMask = 2147483647;
			files = (
				0EF3FEC12C4BEC8E00FD5752 /* UniffiTestUITests.swift in Sources */,
				0EF3FEC32C4BEC8E00FD5752 /* UniffiTestUITestsLaunchTests.swift in Sources */,
			);
			runOnlyForDeploymentPostprocessing = 0;
		};
/* End PBXSourcesBuildPhase section */

/* Begin PBXTargetDependency section */
		0EF3FEB42C4BEC8E00FD5752 /* PBXTargetDependency */ = {
			isa = PBXTargetDependency;
			target = 0EF3FEA12C4BEC8C00FD5752 /* UniffiTest */;
			targetProxy = 0EF3FEB32C4BEC8E00FD5752 /* PBXContainerItemProxy */;
		};
		0EF3FEBE2C4BEC8E00FD5752 /* PBXTargetDependency */ = {
			isa = PBXTargetDependency;
			target = 0EF3FEA12C4BEC8C00FD5752 /* UniffiTest */;
			targetProxy = 0EF3FEBD2C4BEC8E00FD5752 /* PBXContainerItemProxy */;
		};
/* End PBXTargetDependency section */

/* Begin XCBuildConfiguration section */
		0EF3FEC42C4BEC8E00FD5752 /* Debug */ = {
			isa = XCBuildConfiguration;
			buildSettings = {
				ALWAYS_SEARCH_USER_PATHS = NO;
				ASSETCATALOG_COMPILER_GENERATE_SWIFT_ASSET_SYMBOL_EXTENSIONS = YES;
				CLANG_ANALYZER_NONNULL = YES;
				CLANG_ANALYZER_NUMBER_OBJECT_CONVERSION = YES_AGGRESSIVE;
				CLANG_CXX_LANGUAGE_STANDARD = "gnu++20";
				CLANG_ENABLE_MODULES = YES;
				CLANG_ENABLE_OBJC_ARC = YES;
				CLANG_ENABLE_OBJC_WEAK = YES;
				CLANG_WARN_BLOCK_CAPTURE_AUTORELEASING = YES;
				CLANG_WARN_BOOL_CONVERSION = YES;
				CLANG_WARN_COMMA = YES;
				CLANG_WARN_CONSTANT_CONVERSION = YES;
				CLANG_WARN_DEPRECATED_OBJC_IMPLEMENTATIONS = YES;
				CLANG_WARN_DIRECT_OBJC_ISA_USAGE = YES_ERROR;
				CLANG_WARN_DOCUMENTATION_COMMENTS = YES;
				CLANG_WARN_EMPTY_BODY = YES;
				CLANG_WARN_ENUM_CONVERSION = YES;
				CLANG_WARN_INFINITE_RECURSION = YES;
				CLANG_WARN_INT_CONVERSION = YES;
				CLANG_WARN_NON_LITERAL_NULL_CONVERSION = YES;
				CLANG_WARN_OBJC_IMPLICIT_RETAIN_SELF = YES;
				CLANG_WARN_OBJC_LITERAL_CONVERSION = YES;
				CLANG_WARN_OBJC_ROOT_CLASS = YES_ERROR;
				CLANG_WARN_QUOTED_INCLUDE_IN_FRAMEWORK_HEADER = YES;
				CLANG_WARN_RANGE_LOOP_ANALYSIS = YES;
				CLANG_WARN_STRICT_PROTOTYPES = YES;
				CLANG_WARN_SUSPICIOUS_MOVE = YES;
				CLANG_WARN_UNGUARDED_AVAILABILITY = YES_AGGRESSIVE;
				CLANG_WARN_UNREACHABLE_CODE = YES;
				CLANG_WARN__DUPLICATE_METHOD_MATCH = YES;
				COPY_PHASE_STRIP = NO;
				DEBUG_INFORMATION_FORMAT = dwarf;
				ENABLE_STRICT_OBJC_MSGSEND = YES;
				ENABLE_TESTABILITY = YES;
				ENABLE_USER_SCRIPT_SANDBOXING = YES;
				GCC_C_LANGUAGE_STANDARD = gnu17;
				GCC_DYNAMIC_NO_PIC = NO;
				GCC_NO_COMMON_BLOCKS = YES;
				GCC_OPTIMIZATION_LEVEL = 0;
				GCC_PREPROCESSOR_DEFINITIONS = (
					"DEBUG=1",
					"$(inherited)",
				);
				GCC_WARN_64_TO_32_BIT_CONVERSION = YES;
				GCC_WARN_ABOUT_RETURN_TYPE = YES_ERROR;
				GCC_WARN_UNDECLARED_SELECTOR = YES;
				GCC_WARN_UNINITIALIZED_AUTOS = YES_AGGRESSIVE;
				GCC_WARN_UNUSED_FUNCTION = YES;
				GCC_WARN_UNUSED_VARIABLE = YES;
				IPHONEOS_DEPLOYMENT_TARGET = 17.2;
				LOCALIZATION_PREFERS_STRING_CATALOGS = YES;
				MTL_ENABLE_DEBUG_INFO = INCLUDE_SOURCE;
				MTL_FAST_MATH = YES;
				ONLY_ACTIVE_ARCH = YES;
				SDKROOT = iphoneos;
				SWIFT_ACTIVE_COMPILATION_CONDITIONS = "DEBUG $(inherited)";
				SWIFT_OPTIMIZATION_LEVEL = "-Onone";
			};
			name = Debug;
		};
		0EF3FEC52C4BEC8E00FD5752 /* Release */ = {
			isa = XCBuildConfiguration;
			buildSettings = {
				ALWAYS_SEARCH_USER_PATHS = NO;
				ASSETCATALOG_COMPILER_GENERATE_SWIFT_ASSET_SYMBOL_EXTENSIONS = YES;
				CLANG_ANALYZER_NONNULL = YES;
				CLANG_ANALYZER_NUMBER_OBJECT_CONVERSION = YES_AGGRESSIVE;
				CLANG_CXX_LANGUAGE_STANDARD = "gnu++20";
				CLANG_ENABLE_MODULES = YES;
				CLANG_ENABLE_OBJC_ARC = YES;
				CLANG_ENABLE_OBJC_WEAK = YES;
				CLANG_WARN_BLOCK_CAPTURE_AUTORELEASING = YES;
				CLANG_WARN_BOOL_CONVERSION = YES;
				CLANG_WARN_COMMA = YES;
				CLANG_WARN_CONSTANT_CONVERSION = YES;
				CLANG_WARN_DEPRECATED_OBJC_IMPLEMENTATIONS = YES;
				CLANG_WARN_DIRECT_OBJC_ISA_USAGE = YES_ERROR;
				CLANG_WARN_DOCUMENTATION_COMMENTS = YES;
				CLANG_WARN_EMPTY_BODY = YES;
				CLANG_WARN_ENUM_CONVERSION = YES;
				CLANG_WARN_INFINITE_RECURSION = YES;
				CLANG_WARN_INT_CONVERSION = YES;
				CLANG_WARN_NON_LITERAL_NULL_CONVERSION = YES;
				CLANG_WARN_OBJC_IMPLICIT_RETAIN_SELF = YES;
				CLANG_WARN_OBJC_LITERAL_CONVERSION = YES;
				CLANG_WARN_OBJC_ROOT_CLASS = YES_ERROR;
				CLANG_WARN_QUOTED_INCLUDE_IN_FRAMEWORK_HEADER = YES;
				CLANG_WARN_RANGE_LOOP_ANALYSIS = YES;
				CLANG_WARN_STRICT_PROTOTYPES = YES;
				CLANG_WARN_SUSPICIOUS_MOVE = YES;
				CLANG_WARN_UNGUARDED_AVAILABILITY = YES_AGGRESSIVE;
				CLANG_WARN_UNREACHABLE_CODE = YES;
				CLANG_WARN__DUPLICATE_METHOD_MATCH = YES;
				COPY_PHASE_STRIP = NO;
				DEBUG_INFORMATION_FORMAT = "dwarf-with-dsym";
				ENABLE_NS_ASSERTIONS = NO;
				ENABLE_STRICT_OBJC_MSGSEND = YES;
				ENABLE_USER_SCRIPT_SANDBOXING = YES;
				GCC_C_LANGUAGE_STANDARD = gnu17;
				GCC_NO_COMMON_BLOCKS = YES;
				GCC_WARN_64_TO_32_BIT_CONVERSION = YES;
				GCC_WARN_ABOUT_RETURN_TYPE = YES_ERROR;
				GCC_WARN_UNDECLARED_SELECTOR = YES;
				GCC_WARN_UNINITIALIZED_AUTOS = YES_AGGRESSIVE;
				GCC_WARN_UNUSED_FUNCTION = YES;
				GCC_WARN_UNUSED_VARIABLE = YES;
				IPHONEOS_DEPLOYMENT_TARGET = 17.2;
				LOCALIZATION_PREFERS_STRING_CATALOGS = YES;
				MTL_ENABLE_DEBUG_INFO = NO;
				MTL_FAST_MATH = YES;
				SDKROOT = iphoneos;
				SWIFT_COMPILATION_MODE = wholemodule;
				VALIDATE_PRODUCT = YES;
			};
			name = Release;
		};
		0EF3FEC72C4BEC8E00FD5752 /* Debug */ = {
			isa = XCBuildConfiguration;
			buildSettings = {
				ASSETCATALOG_COMPILER_APPICON_NAME = AppIcon;
				ASSETCATALOG_COMPILER_GLOBAL_ACCENT_COLOR_NAME = AccentColor;
				CODE_SIGN_STYLE = Automatic;
				CURRENT_PROJECT_VERSION = 1;
				DEVELOPMENT_ASSET_PATHS = "\"UniffiTest/Preview Content\"";
				ENABLE_PREVIEWS = YES;
				GENERATE_INFOPLIST_FILE = YES;
				INFOPLIST_KEY_UIApplicationSceneManifest_Generation = YES;
				INFOPLIST_KEY_UIApplicationSupportsIndirectInputEvents = YES;
				INFOPLIST_KEY_UILaunchScreen_Generation = YES;
				INFOPLIST_KEY_UISupportedInterfaceOrientations_iPad = "UIInterfaceOrientationPortrait UIInterfaceOrientationPortraitUpsideDown UIInterfaceOrientationLandscapeLeft UIInterfaceOrientationLandscapeRight";
				INFOPLIST_KEY_UISupportedInterfaceOrientations_iPhone = "UIInterfaceOrientationPortrait UIInterfaceOrientationLandscapeLeft UIInterfaceOrientationLandscapeRight";
				LD_RUNPATH_SEARCH_PATHS = (
					"$(inherited)",
					"@executable_path/Frameworks",
				);
				MARKETING_VERSION = 1.0.0;
				PRODUCT_BUNDLE_IDENTIFIER = com.example.UniffiTest;
				PRODUCT_NAME = "$(TARGET_NAME)";
				SWIFT_EMIT_LOC_STRINGS = YES;
				SWIFT_VERSION = 5.0;
				TARGETED_DEVICE_FAMILY = "1,2";
			};
			name = Debug;
		};
		0EF3FEC82C4BEC8E00FD5752 /* Release */ = {
			isa = XCBuildConfiguration;
			buildSettings = {
				ASSETCATALOG_COMPILER_APPICON_NAME = AppIcon;
				ASSETCATALOG_COMPILER_GLOBAL_ACCENT_COLOR_NAME = AccentColor;
				CODE_SIGN_STYLE = Automatic;
				CURRENT_PROJECT_VERSION = 1;
				DEVELOPMENT_ASSET_PATHS = "\"UniffiTest/Preview Content\"";
				ENABLE_PREVIEWS = YES;
				GENERATE_INFOPLIST_FILE = YES;
				INFOPLIST_KEY_UIApplicationSceneManifest_Generation = YES;
				INFOPLIST_KEY_UIApplicationSupportsIndirectInputEvents = YES;
				INFOPLIST_KEY_UILaunchScreen_Generation = YES;
				INFOPLIST_KEY_UISupportedInterfaceOrientations_iPad = "UIInterfaceOrientationPortrait UIInterfaceOrientationPortraitUpsideDown UIInterfaceOrientationLandscapeLeft UIInterfaceOrientationLandscapeRight";
				INFOPLIST_KEY_UISupportedInterfaceOrientations_iPhone = "UIInterfaceOrientationPortrait UIInterfaceOrientationLandscapeLeft UIInterfaceOrientationLandscapeRight";
				LD_RUNPATH_SEARCH_PATHS = (
					"$(inherited)",
					"@executable_path/Frameworks",
				);
				MARKETING_VERSION = 1.0.0;
				PRODUCT_BUNDLE_IDENTIFIER = com.example.UniffiTest;
				PRODUCT_NAME = "$(TARGET_NAME)";
				SWIFT_EMIT_LOC_STRINGS = YES;
				SWIFT_VERSION = 5.0;
				TARGETED_DEVICE_FAMILY = "1,2";
			};
			name = Release;
		};
		0EF3FECA2C4BEC8E00FD5752 /* Debug */ = {
			isa = XCBuildConfiguration;
			buildSettings = {
				ALWAYS_EMBED_SWIFT_STANDARD_LIBRARIES = YES;
				BUNDLE_LOADER = "$(TEST_HOST)";
				CODE_SIGN_STYLE = Automatic;
				CURRENT_PROJECT_VERSION = 1;
				GENERATE_INFOPLIST_FILE = YES;
				IPHONEOS_DEPLOYMENT_TARGET = 17.2;
				MARKETING_VERSION = 1.0;
				PRODUCT_BUNDLE_IDENTIFIER = com.example.UniffiTestTests;
				PRODUCT_NAME = "$(TARGET_NAME)";
				SWIFT_EMIT_LOC_STRINGS = NO;
				SWIFT_VERSION = 5.0;
				TARGETED_DEVICE_FAMILY = "1,2";
				TEST_HOST = "$(BUILT_PRODUCTS_DIR)/UniffiTest.app/$(BUNDLE_EXECUTABLE_FOLDER_PATH)/UniffiTest";
			};
			name = Debug;
		};
		0EF3FECB2C4BEC8E00FD5752 /* Release */ = {
			isa = XCBuildConfiguration;
			buildSettings = {
				ALWAYS_EMBED_SWIFT_STANDARD_LIBRARIES = YES;
				BUNDLE_LOADER = "$(TEST_HOST)";
				CODE_SIGN_STYLE = Automatic;
				CURRENT_PROJECT_VERSION = 1;
				GENERATE_INFOPLIST_FILE = YES;
				IPHONEOS_DEPLOYMENT_TARGET = 17.2;
				MARKETING_VERSION = 1.0;
				PRODUCT_BUNDLE_IDENTIFIER = com.example.UniffiTestTests;
				PRODUCT_NAME = "$(TARGET_NAME)";
				SWIFT_EMIT_LOC_STRINGS = NO;
				SWIFT_VERSION = 5.0;
				TARGETED_DEVICE_FAMILY = "1,2";
				TEST_HOST = "$(BUILT_PRODUCTS_DIR)/UniffiTest.app/$(BUNDLE_EXECUTABLE_FOLDER_PATH)/UniffiTest";
			};
			name = Release;
		};
		0EF3FECD2C4BEC8E00FD5752 /* Debug */ = {
			isa = XCBuildConfiguration;
			buildSettings = {
				ALWAYS_EMBED_SWIFT_STANDARD_LIBRARIES = YES;
				CODE_SIGN_STYLE = Automatic;
				CURRENT_PROJECT_VERSION = 1;
				GENERATE_INFOPLIST_FILE = YES;
				MARKETING_VERSION = 1.0;
				PRODUCT_BUNDLE_IDENTIFIER = com.example.UniffiTestUITests;
				PRODUCT_NAME = "$(TARGET_NAME)";
				SWIFT_EMIT_LOC_STRINGS = NO;
				SWIFT_VERSION = 5.0;
				TARGETED_DEVICE_FAMILY = "1,2";
				TEST_TARGET_NAME = UniffiTest;
			};
			name = Debug;
		};
		0EF3FECE2C4BEC8E00FD5752 /* Release */ = {
			isa = XCBuildConfiguration;
			buildSettings = {
				ALWAYS_EMBED_SWIFT_STANDARD_LIBRARIES = YES;
				CODE_SIGN_STYLE = Automatic;
				CURRENT_PROJECT_VERSION = 1;
				GENERATE_INFOPLIST_FILE = YES;
				MARKETING_VERSION = 1.0;
				PRODUCT_BUNDLE_IDENTIFIER = com.example.UniffiTestUITests;
				PRODUCT_NAME = "$(TARGET_NAME)";
				SWIFT_EMIT_LOC_STRINGS = NO;
				SWIFT_VERSION = 5.0;
				TARGETED_DEVICE_FAMILY = "1,2";
				TEST_TARGET_NAME = UniffiTest;
			};
			name = Release;
		};
/* End XCBuildConfiguration section */

/* Begin XCConfigurationList section */
		0EF3FE9D2C4BEC8C00FD5752 /* Build configuration list for PBXProject "UniffiTest" */ = {
			isa = XCConfigurationList;
			buildConfigurations = (
				0EF3FEC42C4BEC8E00FD5752 /* Debug */,
				0EF3FEC52C4BEC8E00FD5752 /* Release */,
			);
			defaultConfigurationIsVisible = 0;
			defaultConfigurationName = Release;
		};
		0EF3FEC62C4BEC8E00FD5752 /* Build configuration list for PBXNativeTarget "UniffiTest" */ = {
			isa = XCConfigurationList;
			buildConfigurations = (
				0EF3FEC72C4BEC8E00FD5752 /* Debug */,
				0EF3FEC82C4BEC8E00FD5752 /* Release */,
			);
			defaultConfigurationIsVisible = 0;
			defaultConfigurationName = Release;
		};
		0EF3FEC92C4BEC8E00FD5752 /* Build configuration list for PBXNativeTarget "UniffiTestTests" */ = {
			isa = XCConfigurationList;
			buildConfigurations = (
				0EF3FECA2C4BEC8E00FD5752 /* Debug */,
				0EF3FECB2C4BEC8E00FD5752 /* Release */,
			);
			defaultConfigurationIsVisible = 0;
			defaultConfigurationName = Release;
		};
		0EF3FECC2C4BEC8E00FD5752 /* Build configuration list for PBXNativeTarget "UniffiTestUITests" */ = {
			isa = XCConfigurationList;
			buildConfigurations = (
				0EF3FECD2C4BEC8E00FD5752 /* Debug */,
				0EF3FECE2C4BEC8E00FD5752 /* Release */,
			);
			defaultConfigurationIsVisible = 0;
			defaultConfigurationName = Release;
		};
/* End XCConfigurationList section */
	};
	rootObject = 0EF3FE9A2C4BEC8C00FD5752 /* Project object */;
}
